
Microsoft Visual Studio Solution File, Format Version 12.00
# Visual Studio Version 17
VisualStudioVersion = 17.4.33122.133
MinimumVisualStudioVersion = 10.0.40219.1
Project("{FAE04EC0-301F-11D3-BF4B-00C04F79EFBC}") = "BlazorCrudDotNet7.Server", "Server\BlazorCrudDotNet7.Server.csproj", "{9EB044F7-30A4-4D48-81D9-57F037FBA4E5}"
EndProject
Project("{FAE04EC0-301F-11D3-BF4B-00C04F79EFBC}") = "BlazorCrudDotNet7.Client", "Client\BlazorCrudDotNet7.Client.csproj", "{616322E7-E251-411E-889D-C3FF01B493EE}"
EndProject
Project("{FAE04EC0-301F-11D3-BF4B-00C04F79EFBC}") = "BlazorCrudDotNet7.Shared", "Shared\BlazorCrudDotNet7.Shared.csproj", "{2129D1E0-D282-4363-B385-F60686078915}"
EndProject
Global
	GlobalSection(SolutionConfigurationPlatforms) = preSolution
		Debug|Any CPU = Debug|Any CPU
		Release|Any CPU = Release|Any CPU
	EndGlobalSection
	GlobalSection(ProjectConfigurationPlatforms) = postSolution
		{9EB044F7-30A4-4D48-81D9-57F037FBA4E5}.Debug|Any CPU.ActiveCfg = Debug|Any CPU
		{9EB044F7-30A4-4D48-81D9-57F037FBA4E5}.Debug|Any CPU.Build.0 = Debug|Any CPU
		{9EB044F7-30A4-4D48-81D9-57F037FBA4E5}.Release|Any CPU.ActiveCfg = Release|Any CPU
		{9EB044F7-30A4-4D48-81D9-57F037FBA4E5}.Release|Any CPU.Build.0 = Release|Any CPU
		{616322E7-E251-411E-889D-C3FF01B493EE}.Debug|Any CPU.ActiveCfg = Debug|Any CPU
		{616322E7-E251-411E-889D-C3FF01B493EE}.Debug|Any CPU.Build.0 = Debug|Any CPU
		{616322E7-E251-411E-889D-C3FF01B493EE}.Release|Any CPU.ActiveCfg = Release|Any CPU
		{616322E7-E251-411E-889D-C3FF01B493EE}.Release|Any CPU.Build.0 = Release|Any CPU
		{2129D1E0-D282-4363-B385-F60686078915}.Debug|Any CPU.ActiveCfg = Debug|Any CPU
		{2129D1E0-D282-4363-B385-F60686078915}.Debug|Any CPU.Build.0 = Debug|Any CPU
		{2129D1E0-D282-4363-B385-F60686078915}.Release|Any CPU.ActiveCfg = Release|Any CPU
		{2129D1E0-D282-4363-B385-F60686078915}.Release|Any CPU.Build.0 = Release|Any CPU
	EndGlobalSection
	GlobalSection(SolutionProperties) = preSolution
		HideSolutionNode = FALSE
	EndGlobalSection
	GlobalSection(ExtensibilityGlobals) = postSolution
		SolutionGuid = {1E9DA467-E199-4DF8-AA38-DE28E13DED9B}
	EndGlobalSection
EndGlobal
